{
  "version": "4",
  "specifiers": {
    "jsr:@braebo/ansi@0.1": "0.1.0",
    "jsr:@std/assert@1": "1.0.11",
    "jsr:@std/internal@^1.0.5": "1.0.5"
  },
  "jsr": {
    "@braebo/ansi@0.1.0": {
      "integrity": "99a1ffa0a491b0e3f2e38eeb2e980123a1ad63bd3feab79c180b4e0cbb787c2a"
    },
    "@std/assert@1.0.11": {
      "integrity": "2461ef3c368fe88bc60e186e7744a93112f16fd110022e113a0849e94d1c83c1",
      "dependencies": [
        "jsr:@std/internal"
      ]
    },
    "@std/internal@1.0.5": {
      "integrity": "54a546004f769c1ac9e025abd15a76b6671ddc9687e2313b67376125650dc7ba"
    }
  },
  "workspace": {
    "dependencies": [
      "jsr:@braebo/ansi@0.1",
      "jsr:@std/assert@1"
    ]
  }
}
